
Microsoft Visual Studio Solution File, Format Version 12.00
# Visual Studio Version 16
VisualStudioVersion = 16.0.29613.14
MinimumVisualStudioVersion = 10.0.40219.1
Project("{FAE04EC0-301F-11D3-BF4B-00C04F79EFBC}") = "In-Class-1", "In-Class-1\In-Class-1.csproj", "{A8FBBE0B-CD97-4C6B-8C15-A5D4DD7A8542}"
EndProject
Global
	GlobalSection(SolutionConfigurationPlatforms) = preSolution
		Debug|Any CPU = Debug|Any CPU
		Release|Any CPU = Release|Any CPU
	EndGlobalSection
	GlobalSection(ProjectConfigurationPlatforms) = postSolution
		{A8FBBE0B-CD97-4C6B-8C15-A5D4DD7A8542}.Debug|Any CPU.ActiveCfg = Debug|Any CPU
		{A8FBBE0B-CD97-4C6B-8C15-A5D4DD7A8542}.Debug|Any CPU.Build.0 = Debug|Any CPU
		{A8FBBE0B-CD97-4C6B-8C15-A5D4DD7A8542}.Release|Any CPU.ActiveCfg = Release|Any CPU
		{A8FBBE0B-CD97-4C6B-8C15-A5D4DD7A8542}.Release|Any CPU.Build.0 = Release|Any CPU
	EndGlobalSection
	GlobalSection(SolutionProperties) = preSolution
		HideSolutionNode = FALSE
	EndGlobalSection
	GlobalSection(ExtensibilityGlobals) = postSolution
		SolutionGuid = {8F9F4CC7-E795-486F-91DC-D1DFD0217BE0}
	EndGlobalSection
EndGlobal
